
Microsoft Visual Studio Solution File, Format Version 12.00
# Visual Studio 15
VisualStudioVersion = 15.0.28010.2048
MinimumVisualStudioVersion = 10.0.40219.1
Project("{FAE04EC0-301F-11D3-BF4B-00C04F79EFBC}") = "HCI-zadatak-2", "HCI-zadatak-2\HCI-zadatak-2.csproj", "{A53F94F2-1F48-46D6-B61E-1315E82B79C5}"
EndProject
Global
	GlobalSection(SolutionConfigurationPlatforms) = preSolution
		Debug|Any CPU = Debug|Any CPU
		Release|Any CPU = Release|Any CPU
	EndGlobalSection
	GlobalSection(ProjectConfigurationPlatforms) = postSolution
		{A53F94F2-1F48-46D6-B61E-1315E82B79C5}.Debug|Any CPU.ActiveCfg = Debug|Any CPU
		{A53F94F2-1F48-46D6-B61E-1315E82B79C5}.Debug|Any CPU.Build.0 = Debug|Any CPU
		{A53F94F2-1F48-46D6-B61E-1315E82B79C5}.Release|Any CPU.ActiveCfg = Release|Any CPU
		{A53F94F2-1F48-46D6-B61E-1315E82B79C5}.Release|Any CPU.Build.0 = Release|Any CPU
	EndGlobalSection
	GlobalSection(SolutionProperties) = preSolution
		HideSolutionNode = FALSE
	EndGlobalSection
	GlobalSection(ExtensibilityGlobals) = postSolution
		SolutionGuid = {3A8FBA8B-3022-4E28-A3DB-C3BBC4444F69}
	EndGlobalSection
EndGlobal
